{
  "originHash" : "d00ffe108b987ace6e372869a83a16c5f9d86a01ea28d2451df606f09170a6e3",
  "pins" : [
    {
      "identity" : "keychainaccess",
      "kind" : "remoteSourceControl",
      "location" : "https://github.com/kishikawakatsumi/KeychainAccess",
      "state" : {
        "branch" : "master",
        "revision" : "e0c7eebc5a4465a3c4680764f26b7a61f567cdaf"
      }
    },
    {
      "identity" : "swift-log",
      "kind" : "remoteSourceControl",
      "location" : "https://github.com/apple/swift-log.git",
      "state" : {
        "revision" : "3d8596ed08bd13520157f0355e35caed215ffbfa",
        "version" : "1.6.3"
      }
    },
    {
      "identity" : "swift-retry",
      "kind" : "remoteSourceControl",
      "location" : "https://github.com/fumoboy007/swift-retry",
      "state" : {
        "revision" : "df9d7b185d2e433147ec0083a73c257e665eea0d",
        "version" : "0.2.4"
      }
    },
    {
      "identity" : "swiftui-shimmer",
      "kind" : "remoteSourceControl",
      "location" : "https://github.com/markiv/SwiftUI-Shimmer",
      "state" : {
        "revision" : "0226e21f9bf355d40e07e5f5e1c33679d50e167f",
        "version" : "1.5.1"
      }
    },
    {
      "identity" : "youtubeplayerkit",
      "kind" : "remoteSourceControl",
      "location" : "https://github.com/SvenTiigi/YouTubePlayerKit",
      "state" : {
        "revision" : "29ef4217810e15ce8c7fce6608a1eecd0935b621",
        "version" : "2.0.0"
      }
    }
  ],
  "version" : 3
}
